
Microsoft Visual Studio Solution File, Format Version 12.00
# Visual Studio 15
VisualStudioVersion = 15.0.28307.489
MinimumVisualStudioVersion = 10.0.40219.1
Project("{FAE04EC0-301F-11D3-BF4B-00C04F79EFBC}") = "Practise6April", "Practise6April\Practise6April.csproj", "{92CF0142-B927-4514-BC5B-6583284113C2}"
EndProject
Global
	GlobalSection(SolutionConfigurationPlatforms) = preSolution
		Debug|Any CPU = Debug|Any CPU
		Release|Any CPU = Release|Any CPU
	EndGlobalSection
	GlobalSection(ProjectConfigurationPlatforms) = postSolution
		{92CF0142-B927-4514-BC5B-6583284113C2}.Debug|Any CPU.ActiveCfg = Debug|Any CPU
		{92CF0142-B927-4514-BC5B-6583284113C2}.Debug|Any CPU.Build.0 = Debug|Any CPU
		{92CF0142-B927-4514-BC5B-6583284113C2}.Release|Any CPU.ActiveCfg = Release|Any CPU
		{92CF0142-B927-4514-BC5B-6583284113C2}.Release|Any CPU.Build.0 = Release|Any CPU
	EndGlobalSection
	GlobalSection(SolutionProperties) = preSolution
		HideSolutionNode = FALSE
	EndGlobalSection
	GlobalSection(ExtensibilityGlobals) = postSolution
		SolutionGuid = {477213A3-F3BA-44E3-956A-3FF19A080D31}
	EndGlobalSection
EndGlobal
